// !$*UTF8*$!
{
	archiveVersion = 1;
	classes = {
	};
	objectVersion = 46;
	objects = {

/* Begin PBXBuildFile section */
		E443E54317CC6F3F00B754F7 /* QuartzCore.framework in Frameworks */ = {isa = PBXBuildFile; fileRef = E443E54217CC6F3F00B754F7 /* QuartzCore.framework */; };
		E4447386184093080027E1EC /* LevelViewController.m in Sources */ = {isa = PBXBuildFile; fileRef = E4447385184093080027E1EC /* LevelViewController.m */; };
		E44473891840978B0027E1EC /* LeftSidePanel.png in Resources */ = {isa = PBXBuildFile; fileRef = E44473881840978B0027E1EC /* LeftSidePanel.png */; };
		E444738B184097950027E1EC /* RightSidePanel.png in Resources */ = {isa = PBXBuildFile; fileRef = E444738A184097950027E1EC /* RightSidePanel.png */; };
		E44AAC3D17C5BC0500F6656B /* Asteroid_Placeholder.png in Resources */ = {isa = PBXBuildFile; fileRef = E44AAC1617C5BC0500F6656B /* Asteroid_Placeholder.png */; };
		E44AAC3E17C5BC0500F6656B /* BackButton_Placeholder.png in Resources */ = {isa = PBXBuildFile; fileRef = E44AAC1717C5BC0500F6656B /* BackButton_Placeholder.png */; };
		E44AAC3F17C5BC0500F6656B /* BlackHole_Placeholder.jpg in Resources */ = {isa = PBXBuildFile; fileRef = E44AAC1817C5BC0500F6656B /* BlackHole_Placeholder.jpg */; };
		E44AAC4017C5BC0500F6656B /* CancelButton_Placeholder.png in Resources */ = {isa = PBXBuildFile; fileRef = E44AAC1917C5BC0500F6656B /* CancelButton_Placeholder.png */; };
		E44AAC4117C5BC0500F6656B /* Canon_PlaceHolder.png in Resources */ = {isa = PBXBuildFile; fileRef = E44AAC1A17C5BC0500F6656B /* Canon_PlaceHolder.png */; };
		E44AAC4217C5BC0500F6656B /* Detector_Placeholder.png in Resources */ = {isa = PBXBuildFile; fileRef = E44AAC1B17C5BC0500F6656B /* Detector_Placeholder.png */; };
		E44AAC4317C5BC0500F6656B /* Earth_PlaceHolder.png in Resources */ = {isa = PBXBuildFile; fileRef = E44AAC1C17C5BC0500F6656B /* Earth_PlaceHolder.png */; };
		E44AAC4417C5BC0500F6656B /* Explosion_Placeholder.png in Resources */ = {isa = PBXBuildFile; fileRef = E44AAC1D17C5BC0500F6656B /* Explosion_Placeholder.png */; };
		E44AAC4517C5BC0500F6656B /* ForceField_Placeholder.png in Resources */ = {isa = PBXBuildFile; fileRef = E44AAC1E17C5BC0500F6656B /* ForceField_Placeholder.png */; };
		E44AAC4717C5BC0500F6656B /* GravityWell_Placeholder.png in Resources */ = {isa = PBXBuildFile; fileRef = E44AAC2017C5BC0500F6656B /* GravityWell_Placeholder.png */; };
		E44AAC4817C5BC0500F6656B /* InfoButton_Placeholder.png in Resources */ = {isa = PBXBuildFile; fileRef = E44AAC2117C5BC0500F6656B /* InfoButton_Placeholder.png */; };
		E44AAC4917C5BC0500F6656B /* LevelBubble_Placeholder.png in Resources */ = {isa = PBXBuildFile; fileRef = E44AAC2217C5BC0500F6656B /* LevelBubble_Placeholder.png */; };
		E44AAC4A17C5BC0500F6656B /* LevelBubble_Placeholder.pxm in Resources */ = {isa = PBXBuildFile; fileRef = E44AAC2317C5BC0500F6656B /* LevelBubble_Placeholder.pxm */; };
		E44AAC4B17C5BC0500F6656B /* LockSymbol_Placeholder.png in Resources */ = {isa = PBXBuildFile; fileRef = E44AAC2417C5BC0500F6656B /* LockSymbol_Placeholder.png */; };
		E44AAC4C17C5BC0500F6656B /* LockSymbol_Placeholder.pxm in Resources */ = {isa = PBXBuildFile; fileRef = E44AAC2517C5BC0500F6656B /* LockSymbol_Placeholder.pxm */; };
		E44AAC4D17C5BC0500F6656B /* Missile_Placeholder.png in Resources */ = {isa = PBXBuildFile; fileRef = E44AAC2617C5BC0500F6656B /* Missile_Placeholder.png */; };
		E44AAC4E17C5BC0500F6656B /* MissileSplitter_Placeholder.png in Resources */ = {isa = PBXBuildFile; fileRef = E44AAC2717C5BC0500F6656B /* MissileSplitter_Placeholder.png */; };
		E44AAC4F17C5BC0500F6656B /* NextButton_Placeholder.png in Resources */ = {isa = PBXBuildFile; fileRef = E44AAC2817C5BC0500F6656B /* NextButton_Placeholder.png */; };
		E44AAC5017C5BC0500F6656B /* Orbit_Placeholder.png in Resources */ = {isa = PBXBuildFile; fileRef = E44AAC2917C5BC0500F6656B /* Orbit_Placeholder.png */; };
		E44AAC5117C5BC0500F6656B /* PathLine_Placeholder.png in Resources */ = {isa = PBXBuildFile; fileRef = E44AAC2A17C5BC0500F6656B /* PathLine_Placeholder.png */; };
		E44AAC5217C5BC0500F6656B /* Planet1_Placeholder.png in Resources */ = {isa = PBXBuildFile; fileRef = E44AAC2B17C5BC0500F6656B /* Planet1_Placeholder.png */; };
		E44AAC5317C5BC0500F6656B /* Planet2_Placeholder.png in Resources */ = {isa = PBXBuildFile; fileRef = E44AAC2C17C5BC0500F6656B /* Planet2_Placeholder.png */; };
		E44AAC5417C5BC0500F6656B /* RepeatButton_Placeholder.png in Resources */ = {isa = PBXBuildFile; fileRef = E44AAC2D17C5BC0500F6656B /* RepeatButton_Placeholder.png */; };
		E44AAC5517C5BC0500F6656B /* ResetButton_Placeholder.png in Resources */ = {isa = PBXBuildFile; fileRef = E44AAC2E17C5BC0500F6656B /* ResetButton_Placeholder.png */; };
		E44AAC5617C5BC0500F6656B /* SettingsButton_Placeholder.png in Resources */ = {isa = PBXBuildFile; fileRef = E44AAC2F17C5BC0500F6656B /* SettingsButton_Placeholder.png */; };
		E44AAC5717C5BC0500F6656B /* SettingsButton_Placeholder.pxm in Resources */ = {isa = PBXBuildFile; fileRef = E44AAC3017C5BC0500F6656B /* SettingsButton_Placeholder.pxm */; };
		E44AAC5817C5BC0500F6656B /* Spaceship_Placeholder.png in Resources */ = {isa = PBXBuildFile; fileRef = E44AAC3117C5BC0500F6656B /* Spaceship_Placeholder.png */; };
		E44AAC5917C5BC0500F6656B /* SpaceStation_Placeholder.png in Resources */ = {isa = PBXBuildFile; fileRef = E44AAC3217C5BC0500F6656B /* SpaceStation_Placeholder.png */; };
		E44AAC5A17C5BC0500F6656B /* SpeakerButton_Placeholder.png in Resources */ = {isa = PBXBuildFile; fileRef = E44AAC3317C5BC0500F6656B /* SpeakerButton_Placeholder.png */; };
		E44AAC5B17C5BC0500F6656B /* StarEmpty_Placeholder.png in Resources */ = {isa = PBXBuildFile; fileRef = E44AAC3417C5BC0500F6656B /* StarEmpty_Placeholder.png */; };
		E44AAC5C17C5BC0500F6656B /* StarFieldBackground2_Placeholder.jpg in Resources */ = {isa = PBXBuildFile; fileRef = E44AAC3517C5BC0500F6656B /* StarFieldBackground2_Placeholder.jpg */; };
		E44AAC5D17C5BC0500F6656B /* StarFieldBackground_Placeholder.jpg in Resources */ = {isa = PBXBuildFile; fileRef = E44AAC3617C5BC0500F6656B /* StarFieldBackground_Placeholder.jpg */; };
		E44AAC5E17C5BC0500F6656B /* StarFilled_Placeholder.png in Resources */ = {isa = PBXBuildFile; fileRef = E44AAC3717C5BC0500F6656B /* StarFilled_Placeholder.png */; };
		E44AAC5F17C5BC0500F6656B /* Sun_Placeholder.png in Resources */ = {isa = PBXBuildFile; fileRef = E44AAC3817C5BC0500F6656B /* Sun_Placeholder.png */; };
		E44AAC6017C5BC0500F6656B /* UFOEnemy_Placeholder.png in Resources */ = {isa = PBXBuildFile; fileRef = E44AAC3917C5BC0500F6656B /* UFOEnemy_Placeholder.png */; };
		E44AAC6117C5BC0500F6656B /* Wormhole_Placeholder.pxm in Resources */ = {isa = PBXBuildFile; fileRef = E44AAC3A17C5BC0500F6656B /* Wormhole_Placeholder.pxm */; };
		E44AAC6217C5BC0500F6656B /* WormholeBlue_Placeholder.png in Resources */ = {isa = PBXBuildFile; fileRef = E44AAC3B17C5BC0500F6656B /* WormholeBlue_Placeholder.png */; };
		E44AAC6317C5BC0500F6656B /* WormholeRed_Placeholder.png in Resources */ = {isa = PBXBuildFile; fileRef = E44AAC3C17C5BC0500F6656B /* WormholeRed_Placeholder.png */; };
		E44BCC6C17DE4928006133BF /* button_normal.png in Resources */ = {isa = PBXBuildFile; fileRef = E44BCC6917DE4928006133BF /* button_normal.png */; };
		E44BCC6D17DE4928006133BF /* button_pressed.png in Resources */ = {isa = PBXBuildFile; fileRef = E44BCC6A17DE4928006133BF /* button_pressed.png */; };
		E44BCC6E17DE4928006133BF /* mute_button.png in Resources */ = {isa = PBXBuildFile; fileRef = E44BCC6B17DE4928006133BF /* mute_button.png */; };
		E44EB31A180EFA2F00CBD58D /* LevelSelectionViewController.m in Sources */ = {isa = PBXBuildFile; fileRef = E44EB319180EFA2F00CBD58D /* LevelSelectionViewController.m */; };
		E49F102417CF26EF0094540F /* NewGalaxy_Placeholder.jpg in Resources */ = {isa = PBXBuildFile; fileRef = E49F102317CF26EF0094540F /* NewGalaxy_Placeholder.jpg */; };
		E49F102917CF28330094540F /* Level5.txt in Resources */ = {isa = PBXBuildFile; fileRef = E49F102517CF28330094540F /* Level5.txt */; };
		E49F102A17CF28330094540F /* Level4.txt in Resources */ = {isa = PBXBuildFile; fileRef = E49F102617CF28330094540F /* Level4.txt */; };
		E49F102B17CF28330094540F /* Level3.txt in Resources */ = {isa = PBXBuildFile; fileRef = E49F102717CF28330094540F /* Level3.txt */; };
		E49F102C17CF28330094540F /* Level2.txt in Resources */ = {isa = PBXBuildFile; fileRef = E49F102817CF28330094540F /* Level2.txt */; };
		E4DB33C117C1366700DA81B7 /* UIKit.framework in Frameworks */ = {isa = PBXBuildFile; fileRef = E4DB33C017C1366700DA81B7 /* UIKit.framework */; };
		E4DB33C317C1366700DA81B7 /* Foundation.framework in Frameworks */ = {isa = PBXBuildFile; fileRef = E4DB33C217C1366700DA81B7 /* Foundation.framework */; };
		E4DB33C517C1366700DA81B7 /* CoreGraphics.framework in Frameworks */ = {isa = PBXBuildFile; fileRef = E4DB33C417C1366700DA81B7 /* CoreGraphics.framework */; };
		E4DB33C717C1366700DA81B7 /* CoreData.framework in Frameworks */ = {isa = PBXBuildFile; fileRef = E4DB33C617C1366700DA81B7 /* CoreData.framework */; };
		E4DB33CD17C1366800DA81B7 /* InfoPlist.strings in Resources */ = {isa = PBXBuildFile; fileRef = E4DB33CB17C1366800DA81B7 /* InfoPlist.strings */; };
		E4DB33CF17C1366800DA81B7 /* main.m in Sources */ = {isa = PBXBuildFile; fileRef = E4DB33CE17C1366800DA81B7 /* main.m */; };
		E4DB33D317C1366800DA81B7 /* AppDelegate.m in Sources */ = {isa = PBXBuildFile; fileRef = E4DB33D217C1366800DA81B7 /* AppDelegate.m */; };
		E4DB33D517C1366800DA81B7 /* Default.png in Resources */ = {isa = PBXBuildFile; fileRef = E4DB33D417C1366800DA81B7 /* Default.png */; };
		E4DB33D717C1366800DA81B7 /* Default@2x.png in Resources */ = {isa = PBXBuildFile; fileRef = E4DB33D617C1366800DA81B7 /* Default@2x.png */; };
		E4DB33D917C1366800DA81B7 /* Default-568h@2x.png in Resources */ = {isa = PBXBuildFile; fileRef = E4DB33D817C1366800DA81B7 /* Default-568h@2x.png */; };
		E4DB33DC17C1366800DA81B7 /* Gravity_Puzzle.xcdatamodeld in Sources */ = {isa = PBXBuildFile; fileRef = E4DB33DA17C1366800DA81B7 /* Gravity_Puzzle.xcdatamodeld */; };
		E4DB33E317C1376500DA81B7 /* MainStoryboard_iPhone.storyboard in Resources */ = {isa = PBXBuildFile; fileRef = E4DB33E217C1376500DA81B7 /* MainStoryboard_iPhone.storyboard */; };
		E4DB33E517C1377600DA81B7 /* MainStoryboard_iPad.storyboard in Resources */ = {isa = PBXBuildFile; fileRef = E4DB33E417C1377600DA81B7 /* MainStoryboard_iPad.storyboard */; };
		E4DB33E817C139C800DA81B7 /* LevelInterpreter.m in Sources */ = {isa = PBXBuildFile; fileRef = E4DB33E717C139C800DA81B7 /* LevelInterpreter.m */; };
		E4DB33ED17C13F3900DA81B7 /* HomeViewController.m in Sources */ = {isa = PBXBuildFile; fileRef = E4DB33EC17C13F3900DA81B7 /* HomeViewController.m */; };
		E4DB33EF17C1446900DA81B7 /* Level1.txt in Resources */ = {isa = PBXBuildFile; fileRef = E4DB33EE17C1446900DA81B7 /* Level1.txt */; };
/* End PBXBuildFile section */

/* Begin PBXFileReference section */
		E443E54217CC6F3F00B754F7 /* QuartzCore.framework */ = {isa = PBXFileReference; lastKnownFileType = wrapper.framework; name = QuartzCore.framework; path = System/Library/Frameworks/QuartzCore.framework; sourceTree = SDKROOT; };
		E4447384184093080027E1EC /* LevelViewController.h */ = {isa = PBXFileReference; fileEncoding = 4; lastKnownFileType = sourcecode.c.h; path = LevelViewController.h; sourceTree = "<group>"; };
		E4447385184093080027E1EC /* LevelViewController.m */ = {isa = PBXFileReference; fileEncoding = 4; lastKnownFileType = sourcecode.c.objc; path = LevelViewController.m; sourceTree = "<group>"; };
		E44473881840978B0027E1EC /* LeftSidePanel.png */ = {isa = PBXFileReference; lastKnownFileType = image.png; path = LeftSidePanel.png; sourceTree = "<group>"; };
		E444738A184097950027E1EC /* RightSidePanel.png */ = {isa = PBXFileReference; lastKnownFileType = image.png; path = RightSidePanel.png; sourceTree = "<group>"; };
		E44AAC1617C5BC0500F6656B /* Asteroid_Placeholder.png */ = {isa = PBXFileReference; lastKnownFileType = image.png; path = Asteroid_Placeholder.png; sourceTree = "<group>"; };
		E44AAC1717C5BC0500F6656B /* BackButton_Placeholder.png */ = {isa = PBXFileReference; lastKnownFileType = image.png; path = BackButton_Placeholder.png; sourceTree = "<group>"; };
		E44AAC1817C5BC0500F6656B /* BlackHole_Placeholder.jpg */ = {isa = PBXFileReference; lastKnownFileType = image.jpeg; path = BlackHole_Placeholder.jpg; sourceTree = "<group>"; };
		E44AAC1917C5BC0500F6656B /* CancelButton_Placeholder.png */ = {isa = PBXFileReference; lastKnownFileType = image.png; path = CancelButton_Placeholder.png; sourceTree = "<group>"; };
		E44AAC1A17C5BC0500F6656B /* Canon_PlaceHolder.png */ = {isa = PBXFileReference; lastKnownFileType = image.png; path = Canon_PlaceHolder.png; sourceTree = "<group>"; };
		E44AAC1B17C5BC0500F6656B /* Detector_Placeholder.png */ = {isa = PBXFileReference; lastKnownFileType = image.png; path = Detector_Placeholder.png; sourceTree = "<group>"; };
		E44AAC1C17C5BC0500F6656B /* Earth_PlaceHolder.png */ = {isa = PBXFileReference; lastKnownFileType = image.png; path = Earth_PlaceHolder.png; sourceTree = "<group>"; };
		E44AAC1D17C5BC0500F6656B /* Explosion_Placeholder.png */ = {isa = PBXFileReference; lastKnownFileType = image.png; path = Explosion_Placeholder.png; sourceTree = "<group>"; };
		E44AAC1E17C5BC0500F6656B /* ForceField_Placeholder.png */ = {isa = PBXFileReference; lastKnownFileType = image.png; path = ForceField_Placeholder.png; sourceTree = "<group>"; };
		E44AAC2017C5BC0500F6656B /* GravityWell_Placeholder.png */ = {isa = PBXFileReference; lastKnownFileType = image.png; path = GravityWell_Placeholder.png; sourceTree = "<group>"; };
		E44AAC2117C5BC0500F6656B /* InfoButton_Placeholder.png */ = {isa = PBXFileReference; lastKnownFileType = image.png; path = InfoButton_Placeholder.png; sourceTree = "<group>"; };
		E44AAC2217C5BC0500F6656B /* LevelBubble_Placeholder.png */ = {isa = PBXFileReference; lastKnownFileType = image.png; path = LevelBubble_Placeholder.png; sourceTree = "<group>"; };
		E44AAC2317C5BC0500F6656B /* LevelBubble_Placeholder.pxm */ = {isa = PBXFileReference; lastKnownFileType = file; path = LevelBubble_Placeholder.pxm; sourceTree = "<group>"; };
		E44AAC2417C5BC0500F6656B /* LockSymbol_Placeholder.png */ = {isa = PBXFileReference; lastKnownFileType = image.png; path = LockSymbol_Placeholder.png; sourceTree = "<group>"; };
		E44AAC2517C5BC0500F6656B /* LockSymbol_Placeholder.pxm */ = {isa = PBXFileReference; lastKnownFileType = file; path = LockSymbol_Placeholder.pxm; sourceTree = "<group>"; };
		E44AAC2617C5BC0500F6656B /* Missile_Placeholder.png */ = {isa = PBXFileReference; lastKnownFileType = image.png; path = Missile_Placeholder.png; sourceTree = "<group>"; };
		E44AAC2717C5BC0500F6656B /* MissileSplitter_Placeholder.png */ = {isa = PBXFileReference; lastKnownFileType = image.png; path = MissileSplitter_Placeholder.png; sourceTree = "<group>"; };
		E44AAC2817C5BC0500F6656B /* NextButton_Placeholder.png */ = {isa = PBXFileReference; lastKnownFileType = image.png; path = NextButton_Placeholder.png; sourceTree = "<group>"; };
		E44AAC2917C5BC0500F6656B /* Orbit_Placeholder.png */ = {isa = PBXFileReference; lastKnownFileType = image.png; path = Orbit_Placeholder.png; sourceTree = "<group>"; };
		E44AAC2A17C5BC0500F6656B /* PathLine_Placeholder.png */ = {isa = PBXFileReference; lastKnownFileType = image.png; path = PathLine_Placeholder.png; sourceTree = "<group>"; };
		E44AAC2B17C5BC0500F6656B /* Planet1_Placeholder.png */ = {isa = PBXFileReference; lastKnownFileType = image.png; path = Planet1_Placeholder.png; sourceTree = "<group>"; };
		E44AAC2C17C5BC0500F6656B /* Planet2_Placeholder.png */ = {isa = PBXFileReference; lastKnownFileType = image.png; path = Planet2_Placeholder.png; sourceTree = "<group>"; };
		E44AAC2D17C5BC0500F6656B /* RepeatButton_Placeholder.png */ = {isa = PBXFileReference; lastKnownFileType = image.png; path = RepeatButton_Placeholder.png; sourceTree = "<group>"; };
		E44AAC2E17C5BC0500F6656B /* ResetButton_Placeholder.png */ = {isa = PBXFileReference; lastKnownFileType = image.png; path = ResetButton_Placeholder.png; sourceTree = "<group>"; };
		E44AAC2F17C5BC0500F6656B /* SettingsButton_Placeholder.png */ = {isa = PBXFileReference; lastKnownFileType = image.png; path = SettingsButton_Placeholder.png; sourceTree = "<group>"; };
		E44AAC3017C5BC0500F6656B /* SettingsButton_Placeholder.pxm */ = {isa = PBXFileReference; lastKnownFileType = file; path = SettingsButton_Placeholder.pxm; sourceTree = "<group>"; };
		E44AAC3117C5BC0500F6656B /* Spaceship_Placeholder.png */ = {isa = PBXFileReference; lastKnownFileType = image.png; path = Spaceship_Placeholder.png; sourceTree = "<group>"; };
		E44AAC3217C5BC0500F6656B /* SpaceStation_Placeholder.png */ = {isa = PBXFileReference; lastKnownFileType = image.png; path = SpaceStation_Placeholder.png; sourceTree = "<group>"; };
		E44AAC3317C5BC0500F6656B /* SpeakerButton_Placeholder.png */ = {isa = PBXFileReference; lastKnownFileType = image.png; path = SpeakerButton_Placeholder.png; sourceTree = "<group>"; };
		E44AAC3417C5BC0500F6656B /* StarEmpty_Placeholder.png */ = {isa = PBXFileReference; lastKnownFileType = image.png; path = StarEmpty_Placeholder.png; sourceTree = "<group>"; };
		E44AAC3517C5BC0500F6656B /* StarFieldBackground2_Placeholder.jpg */ = {isa = PBXFileReference; lastKnownFileType = image.jpeg; path = StarFieldBackground2_Placeholder.jpg; sourceTree = "<group>"; };
		E44AAC3617C5BC0500F6656B /* StarFieldBackground_Placeholder.jpg */ = {isa = PBXFileReference; lastKnownFileType = image.jpeg; path = StarFieldBackground_Placeholder.jpg; sourceTree = "<group>"; };
		E44AAC3717C5BC0500F6656B /* StarFilled_Placeholder.png */ = {isa = PBXFileReference; lastKnownFileType = image.png; path = StarFilled_Placeholder.png; sourceTree = "<group>"; };
		E44AAC3817C5BC0500F6656B /* Sun_Placeholder.png */ = {isa = PBXFileReference; lastKnownFileType = image.png; path = Sun_Placeholder.png; sourceTree = "<group>"; };
		E44AAC3917C5BC0500F6656B /* UFOEnemy_Placeholder.png */ = {isa = PBXFileReference; lastKnownFileType = image.png; path = UFOEnemy_Placeholder.png; sourceTree = "<group>"; };
		E44AAC3A17C5BC0500F6656B /* Wormhole_Placeholder.pxm */ = {isa = PBXFileReference; lastKnownFileType = file; path = Wormhole_Placeholder.pxm; sourceTree = "<group>"; };
		E44AAC3B17C5BC0500F6656B /* WormholeBlue_Placeholder.png */ = {isa = PBXFileReference; lastKnownFileType = image.png; path = WormholeBlue_Placeholder.png; sourceTree = "<group>"; };
		E44AAC3C17C5BC0500F6656B /* WormholeRed_Placeholder.png */ = {isa = PBXFileReference; lastKnownFileType = image.png; path = WormholeRed_Placeholder.png; sourceTree = "<group>"; };
		E44BCC6917DE4928006133BF /* button_normal.png */ = {isa = PBXFileReference; lastKnownFileType = image.png; path = button_normal.png; sourceTree = "<group>"; };
		E44BCC6A17DE4928006133BF /* button_pressed.png */ = {isa = PBXFileReference; lastKnownFileType = image.png; path = button_pressed.png; sourceTree = "<group>"; };
		E44BCC6B17DE4928006133BF /* mute_button.png */ = {isa = PBXFileReference; lastKnownFileType = image.png; path = mute_button.png; sourceTree = "<group>"; };
		E44EB318180EFA2F00CBD58D /* LevelSelectionViewController.h */ = {isa = PBXFileReference; fileEncoding = 4; lastKnownFileType = sourcecode.c.h; path = LevelSelectionViewController.h; sourceTree = "<group>"; };
		E44EB319180EFA2F00CBD58D /* LevelSelectionViewController.m */ = {isa = PBXFileReference; fileEncoding = 4; lastKnownFileType = sourcecode.c.objc; path = LevelSelectionViewController.m; sourceTree = "<group>"; };
		E49F102317CF26EF0094540F /* NewGalaxy_Placeholder.jpg */ = {isa = PBXFileReference; lastKnownFileType = image.jpeg; path = NewGalaxy_Placeholder.jpg; sourceTree = "<group>"; };
		E49F102517CF28330094540F /* Level5.txt */ = {isa = PBXFileReference; fileEncoding = 4; lastKnownFileType = text; path = Level5.txt; sourceTree = "<group>"; };
		E49F102617CF28330094540F /* Level4.txt */ = {isa = PBXFileReference; fileEncoding = 4; lastKnownFileType = text; path = Level4.txt; sourceTree = "<group>"; };
		E49F102717CF28330094540F /* Level3.txt */ = {isa = PBXFileReference; fileEncoding = 4; lastKnownFileType = text; path = Level3.txt; sourceTree = "<group>"; };
		E49F102817CF28330094540F /* Level2.txt */ = {isa = PBXFileReference; fileEncoding = 4; lastKnownFileType = text; path = Level2.txt; sourceTree = "<group>"; };
		E4DB33BD17C1366700DA81B7 /* Gravity Puzzle.app */ = {isa = PBXFileReference; explicitFileType = wrapper.application; includeInIndex = 0; path = "Gravity Puzzle.app"; sourceTree = BUILT_PRODUCTS_DIR; };
		E4DB33C017C1366700DA81B7 /* UIKit.framework */ = {isa = PBXFileReference; lastKnownFileType = wrapper.framework; name = UIKit.framework; path = System/Library/Frameworks/UIKit.framework; sourceTree = SDKROOT; };
		E4DB33C217C1366700DA81B7 /* Foundation.framework */ = {isa = PBXFileReference; lastKnownFileType = wrapper.framework; name = Foundation.framework; path = System/Library/Frameworks/Foundation.framework; sourceTree = SDKROOT; };
		E4DB33C417C1366700DA81B7 /* CoreGraphics.framework */ = {isa = PBXFileReference; lastKnownFileType = wrapper.framework; name = CoreGraphics.framework; path = System/Library/Frameworks/CoreGraphics.framework; sourceTree = SDKROOT; };
		E4DB33C617C1366700DA81B7 /* CoreData.framework */ = {isa = PBXFileReference; lastKnownFileType = wrapper.framework; name = CoreData.framework; path = System/Library/Frameworks/CoreData.framework; sourceTree = SDKROOT; };
		E4DB33CA17C1366700DA81B7 /* Gravity Puzzle-Info.plist */ = {isa = PBXFileReference; lastKnownFileType = text.plist.xml; path = "Gravity Puzzle-Info.plist"; sourceTree = "<group>"; };
		E4DB33CC17C1366800DA81B7 /* en */ = {isa = PBXFileReference; lastKnownFileType = text.plist.strings; name = en; path = en.lproj/InfoPlist.strings; sourceTree = "<group>"; };
		E4DB33CE17C1366800DA81B7 /* main.m */ = {isa = PBXFileReference; lastKnownFileType = sourcecode.c.objc; path = main.m; sourceTree = "<group>"; };
		E4DB33D017C1366800DA81B7 /* Gravity Puzzle-Prefix.pch */ = {isa = PBXFileReference; lastKnownFileType = sourcecode.c.h; path = "Gravity Puzzle-Prefix.pch"; sourceTree = "<group>"; };
		E4DB33D117C1366800DA81B7 /* AppDelegate.h */ = {isa = PBXFileReference; lastKnownFileType = sourcecode.c.h; path = AppDelegate.h; sourceTree = "<group>"; };
		E4DB33D217C1366800DA81B7 /* AppDelegate.m */ = {isa = PBXFileReference; lastKnownFileType = sourcecode.c.objc; path = AppDelegate.m; sourceTree = "<group>"; };
		E4DB33D417C1366800DA81B7 /* Default.png */ = {isa = PBXFileReference; lastKnownFileType = image.png; path = Default.png; sourceTree = "<group>"; };
		E4DB33D617C1366800DA81B7 /* Default@2x.png */ = {isa = PBXFileReference; lastKnownFileType = image.png; path = "Default@2x.png"; sourceTree = "<group>"; };
		E4DB33D817C1366800DA81B7 /* Default-568h@2x.png */ = {isa = PBXFileReference; lastKnownFileType = image.png; path = "Default-568h@2x.png"; sourceTree = "<group>"; };
		E4DB33DB17C1366800DA81B7 /* Gravity_Puzzle.xcdatamodel */ = {isa = PBXFileReference; lastKnownFileType = wrapper.xcdatamodel; path = Gravity_Puzzle.xcdatamodel; sourceTree = "<group>"; };
		E4DB33E217C1376500DA81B7 /* MainStoryboard_iPhone.storyboard */ = {isa = PBXFileReference; fileEncoding = 4; lastKnownFileType = file.storyboard; path = MainStoryboard_iPhone.storyboard; sourceTree = "<group>"; };
		E4DB33E417C1377600DA81B7 /* MainStoryboard_iPad.storyboard */ = {isa = PBXFileReference; fileEncoding = 4; lastKnownFileType = file.storyboard; path = MainStoryboard_iPad.storyboard; sourceTree = "<group>"; };
		E4DB33E617C139C800DA81B7 /* LevelInterpreter.h */ = {isa = PBXFileReference; fileEncoding = 4; lastKnownFileType = sourcecode.c.h; path = LevelInterpreter.h; sourceTree = "<group>"; };
		E4DB33E717C139C800DA81B7 /* LevelInterpreter.m */ = {isa = PBXFileReference; fileEncoding = 4; lastKnownFileType = sourcecode.c.objc; path = LevelInterpreter.m; sourceTree = "<group>"; };
		E4DB33EB17C13F3900DA81B7 /* HomeViewController.h */ = {isa = PBXFileReference; fileEncoding = 4; lastKnownFileType = sourcecode.c.h; path = HomeViewController.h; sourceTree = "<group>"; };
		E4DB33EC17C13F3900DA81B7 /* HomeViewController.m */ = {isa = PBXFileReference; fileEncoding = 4; lastKnownFileType = sourcecode.c.objc; path = HomeViewController.m; sourceTree = "<group>"; };
		E4DB33EE17C1446900DA81B7 /* Level1.txt */ = {isa = PBXFileReference; fileEncoding = 4; lastKnownFileType = text; path = Level1.txt; sourceTree = "<group>"; };
/* End PBXFileReference section */

/* Begin PBXFrameworksBuildPhase section */
		E4DB33BA17C1366700DA81B7 /* Frameworks */ = {
			isa = PBXFrameworksBuildPhase;
			buildActionMask = 2147483647;
			files = (
				E443E54317CC6F3F00B754F7 /* QuartzCore.framework in Frameworks */,
				E4DB33C117C1366700DA81B7 /* UIKit.framework in Frameworks */,
				E4DB33C317C1366700DA81B7 /* Foundation.framework in Frameworks */,
				E4DB33C517C1366700DA81B7 /* CoreGraphics.framework in Frameworks */,
				E4DB33C717C1366700DA81B7 /* CoreData.framework in Frameworks */,
			);
			runOnlyForDeploymentPostprocessing = 0;
		};
/* End PBXFrameworksBuildPhase section */

/* Begin PBXGroup section */
		E4447387184093380027E1EC /* View Controllers */ = {
			isa = PBXGroup;
			children = (
				E4DB33E217C1376500DA81B7 /* MainStoryboard_iPhone.storyboard */,
				E4DB33E417C1377600DA81B7 /* MainStoryboard_iPad.storyboard */,
				E4DB33EB17C13F3900DA81B7 /* HomeViewController.h */,
				E4DB33EC17C13F3900DA81B7 /* HomeViewController.m */,
				E44EB318180EFA2F00CBD58D /* LevelSelectionViewController.h */,
				E44EB319180EFA2F00CBD58D /* LevelSelectionViewController.m */,
				E4447384184093080027E1EC /* LevelViewController.h */,
				E4447385184093080027E1EC /* LevelViewController.m */,
			);
			name = "View Controllers";
			sourceTree = "<group>";
		};
		E44AAC1517C5BC0500F6656B /* Placeholders */ = {
			isa = PBXGroup;
			children = (
				E44BCC6917DE4928006133BF /* button_normal.png */,
				E44BCC6A17DE4928006133BF /* button_pressed.png */,
				E44BCC6B17DE4928006133BF /* mute_button.png */,
				E44AAC1617C5BC0500F6656B /* Asteroid_Placeholder.png */,
				E44AAC1717C5BC0500F6656B /* BackButton_Placeholder.png */,
				E44AAC1817C5BC0500F6656B /* BlackHole_Placeholder.jpg */,
				E44AAC1917C5BC0500F6656B /* CancelButton_Placeholder.png */,
				E44AAC1A17C5BC0500F6656B /* Canon_PlaceHolder.png */,
				E44AAC1B17C5BC0500F6656B /* Detector_Placeholder.png */,
				E44AAC1C17C5BC0500F6656B /* Earth_PlaceHolder.png */,
				E44AAC1D17C5BC0500F6656B /* Explosion_Placeholder.png */,
				E49F102317CF26EF0094540F /* NewGalaxy_Placeholder.jpg */,
				E44AAC1E17C5BC0500F6656B /* ForceField_Placeholder.png */,
				E44AAC2017C5BC0500F6656B /* GravityWell_Placeholder.png */,
				E44AAC2117C5BC0500F6656B /* InfoButton_Placeholder.png */,
				E44473881840978B0027E1EC /* LeftSidePanel.png */,
				E44AAC2217C5BC0500F6656B /* LevelBubble_Placeholder.png */,
				E44AAC2317C5BC0500F6656B /* LevelBubble_Placeholder.pxm */,
				E44AAC2417C5BC0500F6656B /* LockSymbol_Placeholder.png */,
				E44AAC2517C5BC0500F6656B /* LockSymbol_Placeholder.pxm */,
				E44AAC2617C5BC0500F6656B /* Missile_Placeholder.png */,
				E44AAC2717C5BC0500F6656B /* MissileSplitter_Placeholder.png */,
				E44AAC2817C5BC0500F6656B /* NextButton_Placeholder.png */,
				E44AAC2917C5BC0500F6656B /* Orbit_Placeholder.png */,
				E44AAC2A17C5BC0500F6656B /* PathLine_Placeholder.png */,
				E44AAC2B17C5BC0500F6656B /* Planet1_Placeholder.png */,
				E44AAC2C17C5BC0500F6656B /* Planet2_Placeholder.png */,
				E44AAC2D17C5BC0500F6656B /* RepeatButton_Placeholder.png */,
				E44AAC2E17C5BC0500F6656B /* ResetButton_Placeholder.png */,
				E44AAC2F17C5BC0500F6656B /* SettingsButton_Placeholder.png */,
				E44AAC3017C5BC0500F6656B /* SettingsButton_Placeholder.pxm */,
				E44AAC3117C5BC0500F6656B /* Spaceship_Placeholder.png */,
				E44AAC3217C5BC0500F6656B /* SpaceStation_Placeholder.png */,
				E44AAC3317C5BC0500F6656B /* SpeakerButton_Placeholder.png */,
				E44AAC3417C5BC0500F6656B /* StarEmpty_Placeholder.png */,
				E444738A184097950027E1EC /* RightSidePanel.png */,
				E44AAC3517C5BC0500F6656B /* StarFieldBackground2_Placeholder.jpg */,
				E44AAC3617C5BC0500F6656B /* StarFieldBackground_Placeholder.jpg */,
				E44AAC3717C5BC0500F6656B /* StarFilled_Placeholder.png */,
				E44AAC3817C5BC0500F6656B /* Sun_Placeholder.png */,
				E44AAC3917C5BC0500F6656B /* UFOEnemy_Placeholder.png */,
				E44AAC3A17C5BC0500F6656B /* Wormhole_Placeholder.pxm */,
				E44AAC3B17C5BC0500F6656B /* WormholeBlue_Placeholder.png */,
				E44AAC3C17C5BC0500F6656B /* WormholeRed_Placeholder.png */,
			);
			path = Placeholders;
			sourceTree = "<group>";
		};
		E4DB33B417C1366700DA81B7 = {
			isa = PBXGroup;
			children = (
				E4DB33C817C1366700DA81B7 /* Gravity Puzzle */,
				E4DB33BF17C1366700DA81B7 /* Frameworks */,
				E4DB33BE17C1366700DA81B7 /* Products */,
			);
			sourceTree = "<group>";
		};
		E4DB33BE17C1366700DA81B7 /* Products */ = {
			isa = PBXGroup;
			children = (
				E4DB33BD17C1366700DA81B7 /* Gravity Puzzle.app */,
			);
			name = Products;
			sourceTree = "<group>";
		};
		E4DB33BF17C1366700DA81B7 /* Frameworks */ = {
			isa = PBXGroup;
			children = (
				E443E54217CC6F3F00B754F7 /* QuartzCore.framework */,
				E4DB33C017C1366700DA81B7 /* UIKit.framework */,
				E4DB33C217C1366700DA81B7 /* Foundation.framework */,
				E4DB33C417C1366700DA81B7 /* CoreGraphics.framework */,
				E4DB33C617C1366700DA81B7 /* CoreData.framework */,
			);
			name = Frameworks;
			sourceTree = "<group>";
		};
		E4DB33C817C1366700DA81B7 /* Gravity Puzzle */ = {
			isa = PBXGroup;
			children = (
				E4447387184093380027E1EC /* View Controllers */,
				E4DB33DA17C1366800DA81B7 /* Gravity_Puzzle.xcdatamodeld */,
				E4DB33E617C139C800DA81B7 /* LevelInterpreter.h */,
				E4DB33E717C139C800DA81B7 /* LevelInterpreter.m */,
				E4DB33C917C1366700DA81B7 /* Supporting Files */,
			);
			path = "Gravity Puzzle";
			sourceTree = "<group>";
		};
		E4DB33C917C1366700DA81B7 /* Supporting Files */ = {
			isa = PBXGroup;
			children = (
				E44AAC1517C5BC0500F6656B /* Placeholders */,
				E4DB33F017C1447100DA81B7 /* Levels */,
				E4DB33D117C1366800DA81B7 /* AppDelegate.h */,
				E4DB33D217C1366800DA81B7 /* AppDelegate.m */,
				E4DB33CA17C1366700DA81B7 /* Gravity Puzzle-Info.plist */,
				E4DB33CB17C1366800DA81B7 /* InfoPlist.strings */,
				E4DB33CE17C1366800DA81B7 /* main.m */,
				E4DB33D017C1366800DA81B7 /* Gravity Puzzle-Prefix.pch */,
				E4DB33D417C1366800DA81B7 /* Default.png */,
				E4DB33D617C1366800DA81B7 /* Default@2x.png */,
				E4DB33D817C1366800DA81B7 /* Default-568h@2x.png */,
			);
			name = "Supporting Files";
			sourceTree = "<group>";
		};
		E4DB33F017C1447100DA81B7 /* Levels */ = {
			isa = PBXGroup;
			children = (
				E4DB33EE17C1446900DA81B7 /* Level1.txt */,
				E49F102517CF28330094540F /* Level5.txt */,
				E49F102617CF28330094540F /* Level4.txt */,
				E49F102717CF28330094540F /* Level3.txt */,
				E49F102817CF28330094540F /* Level2.txt */,
			);
			name = Levels;
			sourceTree = "<group>";
		};
/* End PBXGroup section */

/* Begin PBXNativeTarget section */
		E4DB33BC17C1366700DA81B7 /* Gravity Puzzle */ = {
			isa = PBXNativeTarget;
			buildConfigurationList = E4DB33DF17C1366800DA81B7 /* Build configuration list for PBXNativeTarget "Gravity Puzzle" */;
			buildPhases = (
				E4DB33B917C1366700DA81B7 /* Sources */,
				E4DB33BA17C1366700DA81B7 /* Frameworks */,
				E4DB33BB17C1366700DA81B7 /* Resources */,
			);
			buildRules = (
			);
			dependencies = (
			);
			name = "Gravity Puzzle";
			productName = "Gravity Puzzle";
			productReference = E4DB33BD17C1366700DA81B7 /* Gravity Puzzle.app */;
			productType = "com.apple.product-type.application";
		};
/* End PBXNativeTarget section */

/* Begin PBXProject section */
		E4DB33B517C1366700DA81B7 /* Project object */ = {
			isa = PBXProject;
			attributes = {
				LastUpgradeCheck = 0460;
				ORGANIZATIONNAME = Trinary;
				TargetAttributes = {
					E4DB33BC17C1366700DA81B7 = {
						DevelopmentTeam = Y3EC579VUK;
					};
				};
			};
			buildConfigurationList = E4DB33B817C1366700DA81B7 /* Build configuration list for PBXProject "Gravity Puzzle" */;
			compatibilityVersion = "Xcode 3.2";
			developmentRegion = English;
			hasScannedForEncodings = 0;
			knownRegions = (
				en,
			);
			mainGroup = E4DB33B417C1366700DA81B7;
			productRefGroup = E4DB33BE17C1366700DA81B7 /* Products */;
			projectDirPath = "";
			projectRoot = "";
			targets = (
				E4DB33BC17C1366700DA81B7 /* Gravity Puzzle */,
			);
		};
/* End PBXProject section */

/* Begin PBXResourcesBuildPhase section */
		E4DB33BB17C1366700DA81B7 /* Resources */ = {
			isa = PBXResourcesBuildPhase;
			buildActionMask = 2147483647;
			files = (
				E4DB33CD17C1366800DA81B7 /* InfoPlist.strings in Resources */,
				E4DB33D517C1366800DA81B7 /* Default.png in Resources */,
				E4DB33D717C1366800DA81B7 /* Default@2x.png in Resources */,
				E4DB33D917C1366800DA81B7 /* Default-568h@2x.png in Resources */,
				E4DB33E317C1376500DA81B7 /* MainStoryboard_iPhone.storyboard in Resources */,
				E4DB33E517C1377600DA81B7 /* MainStoryboard_iPad.storyboard in Resources */,
				E4DB33EF17C1446900DA81B7 /* Level1.txt in Resources */,
				E44AAC3D17C5BC0500F6656B /* Asteroid_Placeholder.png in Resources */,
				E44AAC3E17C5BC0500F6656B /* BackButton_Placeholder.png in Resources */,
				E44AAC3F17C5BC0500F6656B /* BlackHole_Placeholder.jpg in Resources */,
				E44AAC4017C5BC0500F6656B /* CancelButton_Placeholder.png in Resources */,
				E44AAC4117C5BC0500F6656B /* Canon_PlaceHolder.png in Resources */,
				E44AAC4217C5BC0500F6656B /* Detector_Placeholder.png in Resources */,
				E44AAC4317C5BC0500F6656B /* Earth_PlaceHolder.png in Resources */,
				E44AAC4417C5BC0500F6656B /* Explosion_Placeholder.png in Resources */,
				E44AAC4517C5BC0500F6656B /* ForceField_Placeholder.png in Resources */,
				E44AAC4717C5BC0500F6656B /* GravityWell_Placeholder.png in Resources */,
				E44AAC4817C5BC0500F6656B /* InfoButton_Placeholder.png in Resources */,
				E44AAC4917C5BC0500F6656B /* LevelBubble_Placeholder.png in Resources */,
				E44AAC4A17C5BC0500F6656B /* LevelBubble_Placeholder.pxm in Resources */,
				E44AAC4B17C5BC0500F6656B /* LockSymbol_Placeholder.png in Resources */,
				E44AAC4C17C5BC0500F6656B /* LockSymbol_Placeholder.pxm in Resources */,
				E44AAC4D17C5BC0500F6656B /* Missile_Placeholder.png in Resources */,
				E44AAC4E17C5BC0500F6656B /* MissileSplitter_Placeholder.png in Resources */,
				E44AAC4F17C5BC0500F6656B /* NextButton_Placeholder.png in Resources */,
				E44AAC5017C5BC0500F6656B /* Orbit_Placeholder.png in Resources */,
				E44AAC5117C5BC0500F6656B /* PathLine_Placeholder.png in Resources */,
				E44AAC5217C5BC0500F6656B /* Planet1_Placeholder.png in Resources */,
				E44AAC5317C5BC0500F6656B /* Planet2_Placeholder.png in Resources */,
				E44AAC5417C5BC0500F6656B /* RepeatButton_Placeholder.png in Resources */,
				E44AAC5517C5BC0500F6656B /* ResetButton_Placeholder.png in Resources */,
				E44AAC5617C5BC0500F6656B /* SettingsButton_Placeholder.png in Resources */,
				E44AAC5717C5BC0500F6656B /* SettingsButton_Placeholder.pxm in Resources */,
				E44AAC5817C5BC0500F6656B /* Spaceship_Placeholder.png in Resources */,
				E44AAC5917C5BC0500F6656B /* SpaceStation_Placeholder.png in Resources */,
				E44AAC5A17C5BC0500F6656B /* SpeakerButton_Placeholder.png in Resources */,
				E44AAC5B17C5BC0500F6656B /* StarEmpty_Placeholder.png in Resources */,
				E44AAC5C17C5BC0500F6656B /* StarFieldBackground2_Placeholder.jpg in Resources */,
				E44AAC5D17C5BC0500F6656B /* StarFieldBackground_Placeholder.jpg in Resources */,
				E44AAC5E17C5BC0500F6656B /* StarFilled_Placeholder.png in Resources */,
				E44AAC5F17C5BC0500F6656B /* Sun_Placeholder.png in Resources */,
				E44AAC6017C5BC0500F6656B /* UFOEnemy_Placeholder.png in Resources */,
				E44473891840978B0027E1EC /* LeftSidePanel.png in Resources */,
				E44AAC6117C5BC0500F6656B /* Wormhole_Placeholder.pxm in Resources */,
				E44AAC6217C5BC0500F6656B /* WormholeBlue_Placeholder.png in Resources */,
				E44AAC6317C5BC0500F6656B /* WormholeRed_Placeholder.png in Resources */,
				E49F102417CF26EF0094540F /* NewGalaxy_Placeholder.jpg in Resources */,
				E49F102917CF28330094540F /* Level5.txt in Resources */,
				E49F102A17CF28330094540F /* Level4.txt in Resources */,
				E49F102B17CF28330094540F /* Level3.txt in Resources */,
				E49F102C17CF28330094540F /* Level2.txt in Resources */,
				E444738B184097950027E1EC /* RightSidePanel.png in Resources */,
				E44BCC6C17DE4928006133BF /* button_normal.png in Resources */,
				E44BCC6D17DE4928006133BF /* button_pressed.png in Resources */,
				E44BCC6E17DE4928006133BF /* mute_button.png in Resources */,
			);
			runOnlyForDeploymentPostprocessing = 0;
		};
/* End PBXResourcesBuildPhase section */

/* Begin PBXSourcesBuildPhase section */
		E4DB33B917C1366700DA81B7 /* Sources */ = {
			isa = PBXSourcesBuildPhase;
			buildActionMask = 2147483647;
			files = (
				E4DB33CF17C1366800DA81B7 /* main.m in Sources */,
				E4447386184093080027E1EC /* LevelViewController.m in Sources */,
				E4DB33D317C1366800DA81B7 /* AppDelegate.m in Sources */,
				E4DB33DC17C1366800DA81B7 /* Gravity_Puzzle.xcdatamodeld in Sources */,
				E4DB33E817C139C800DA81B7 /* LevelInterpreter.m in Sources */,
				E44EB31A180EFA2F00CBD58D /* LevelSelectionViewController.m in Sources */,
				E4DB33ED17C13F3900DA81B7 /* HomeViewController.m in Sources */,
			);
			runOnlyForDeploymentPostprocessing = 0;
		};
/* End PBXSourcesBuildPhase section */

/* Begin PBXVariantGroup section */
		E4DB33CB17C1366800DA81B7 /* InfoPlist.strings */ = {
			isa = PBXVariantGroup;
			children = (
				E4DB33CC17C1366800DA81B7 /* en */,
			);
			name = InfoPlist.strings;
			sourceTree = "<group>";
		};
/* End PBXVariantGroup section */

/* Begin XCBuildConfiguration section */
		E4DB33DD17C1366800DA81B7 /* Debug */ = {
			isa = XCBuildConfiguration;
			buildSettings = {
				ALWAYS_SEARCH_USER_PATHS = NO;
				CLANG_CXX_LANGUAGE_STANDARD = "gnu++0x";
				CLANG_CXX_LIBRARY = "libc++";
				CLANG_ENABLE_OBJC_ARC = YES;
				CLANG_WARN_CONSTANT_CONVERSION = YES;
				CLANG_WARN_EMPTY_BODY = YES;
				CLANG_WARN_ENUM_CONVERSION = YES;
				CLANG_WARN_INT_CONVERSION = YES;
				CLANG_WARN__DUPLICATE_METHOD_MATCH = YES;
				"CODE_SIGN_IDENTITY[sdk=iphoneos*]" = "iPhone Developer";
				COPY_PHASE_STRIP = NO;
				GCC_C_LANGUAGE_STANDARD = gnu99;
				GCC_DYNAMIC_NO_PIC = NO;
				GCC_OPTIMIZATION_LEVEL = 0;
				GCC_PREPROCESSOR_DEFINITIONS = (
					"DEBUG=1",
					"$(inherited)",
				);
				GCC_SYMBOLS_PRIVATE_EXTERN = NO;
				GCC_WARN_ABOUT_RETURN_TYPE = YES;
				GCC_WARN_UNINITIALIZED_AUTOS = YES;
				GCC_WARN_UNUSED_VARIABLE = YES;
				IPHONEOS_DEPLOYMENT_TARGET = 6.1;
				ONLY_ACTIVE_ARCH = YES;
				SDKROOT = iphoneos;
				TARGETED_DEVICE_FAMILY = "1,2";
			};
			name = Debug;
		};
		E4DB33DE17C1366800DA81B7 /* Release */ = {
			isa = XCBuildConfiguration;
			buildSettings = {
				ALWAYS_SEARCH_USER_PATHS = NO;
				CLANG_CXX_LANGUAGE_STANDARD = "gnu++0x";
				CLANG_CXX_LIBRARY = "libc++";
				CLANG_ENABLE_OBJC_ARC = YES;
				CLANG_WARN_CONSTANT_CONVERSION = YES;
				CLANG_WARN_EMPTY_BODY = YES;
				CLANG_WARN_ENUM_CONVERSION = YES;
				CLANG_WARN_INT_CONVERSION = YES;
				CLANG_WARN__DUPLICATE_METHOD_MATCH = YES;
				"CODE_SIGN_IDENTITY[sdk=iphoneos*]" = "iPhone Developer";
				COPY_PHASE_STRIP = YES;
				GCC_C_LANGUAGE_STANDARD = gnu99;
				GCC_WARN_ABOUT_RETURN_TYPE = YES;
				GCC_WARN_UNINITIALIZED_AUTOS = YES;
				GCC_WARN_UNUSED_VARIABLE = YES;
				IPHONEOS_DEPLOYMENT_TARGET = 6.1;
				OTHER_CFLAGS = "-DNS_BLOCK_ASSERTIONS=1";
				SDKROOT = iphoneos;
				TARGETED_DEVICE_FAMILY = "1,2";
				VALIDATE_PRODUCT = YES;
			};
			name = Release;
		};
		E4DB33E017C1366800DA81B7 /* Debug */ = {
			isa = XCBuildConfiguration;
			buildSettings = {
				CODE_SIGN_IDENTITY = "iPhone Developer";
				"CODE_SIGN_IDENTITY[sdk=iphoneos*]" = "iPhone Developer";
				GCC_PRECOMPILE_PREFIX_HEADER = YES;
				GCC_PREFIX_HEADER = "Gravity Puzzle/Gravity Puzzle-Prefix.pch";
				INFOPLIST_FILE = "Gravity Puzzle/Gravity Puzzle-Info.plist";
				PRODUCT_NAME = "$(TARGET_NAME)";
				PROVISIONING_PROFILE = "";
				WRAPPER_EXTENSION = app;
			};
			name = Debug;
		};
		E4DB33E117C1366800DA81B7 /* Release */ = {
			isa = XCBuildConfiguration;
			buildSettings = {
				CODE_SIGN_IDENTITY = "iPhone Developer";
				"CODE_SIGN_IDENTITY[sdk=iphoneos*]" = "iPhone Developer";
				GCC_PRECOMPILE_PREFIX_HEADER = YES;
				GCC_PREFIX_HEADER = "Gravity Puzzle/Gravity Puzzle-Prefix.pch";
				INFOPLIST_FILE = "Gravity Puzzle/Gravity Puzzle-Info.plist";
				PRODUCT_NAME = "$(TARGET_NAME)";
				PROVISIONING_PROFILE = "";
				WRAPPER_EXTENSION = app;
			};
			name = Release;
		};
/* End XCBuildConfiguration section */

/* Begin XCConfigurationList section */
		E4DB33B817C1366700DA81B7 /* Build configuration list for PBXProject "Gravity Puzzle" */ = {
			isa = XCConfigurationList;
			buildConfigurations = (
				E4DB33DD17C1366800DA81B7 /* Debug */,
				E4DB33DE17C1366800DA81B7 /* Release */,
			);
			defaultConfigurationIsVisible = 0;
			defaultConfigurationName = Release;
		};
		E4DB33DF17C1366800DA81B7 /* Build configuration list for PBXNativeTarget "Gravity Puzzle" */ = {
			isa = XCConfigurationList;
			buildConfigurations = (
				E4DB33E017C1366800DA81B7 /* Debug */,
				E4DB33E117C1366800DA81B7 /* Release */,
			);
			defaultConfigurationIsVisible = 0;
			defaultConfigurationName = Release;
		};
/* End XCConfigurationList section */

/* Begin XCVersionGroup section */
		E4DB33DA17C1366800DA81B7 /* Gravity_Puzzle.xcdatamodeld */ = {
			isa = XCVersionGroup;
			children = (
				E4DB33DB17C1366800DA81B7 /* Gravity_Puzzle.xcdatamodel */,
			);
			currentVersion = E4DB33DB17C1366800DA81B7 /* Gravity_Puzzle.xcdatamodel */;
			path = Gravity_Puzzle.xcdatamodeld;
			sourceTree = "<group>";
			versionGroupType = wrapper.xcdatamodel;
		};
/* End XCVersionGroup section */
	};
	rootObject = E4DB33B517C1366700DA81B7 /* Project object */;
}
